{
  "version": 4,
  "terraform_version": "1.2.6",
  "serial": 3,
  "lineage": "f81a9257-66c2-142e-f858-cd388f12b747",
  "outputs": {},
  "resources": [
    {
      "mode": "data",
      "type": "aws_instances",
      "name": "test",
      "provider": "provider[\"registry.terraform.io/hashicorp/aws\"]",
      "instances": [
        {
          "schema_version": 0,
          "attributes": {
            "filter": [
              {
                "name": "tag:Name",
                "values": [
                  "web-*"
                ]
              }
            ],
            "id": "ap-northeast-2",
            "ids": [
              "i-0a005d4e703bf383f",
              "i-072e2ab02cb01357b"
            ],
            "instance_state_names": null,
            "instance_tags": null,
            "private_ips": [
              "10.0.3.227",
              "10.0.4.186"
            ],
            "public_ips": [],
            "timeouts": null
          },
          "sensitive_attributes": []
        }
      ]
    },
    {
      "mode": "managed",
      "type": "aws_ami_from_instance",
      "name": "example",
      "provider": "provider[\"registry.terraform.io/hashicorp/aws\"]",
      "instances": [
        {
          "index_key": "i-072e2ab02cb01357b",
          "schema_version": 0,
          "attributes": {
            "architecture": "x86_64",
            "arn": "arn:aws:ec2:ap-northeast-2::image/ami-0db945dd2e9102d44",
            "boot_mode": "",
            "deprecation_time": "",
            "description": "",
            "ebs_block_device": [
              {
                "delete_on_termination": true,
                "device_name": "/dev/xvda",
                "encrypted": false,
                "iops": 0,
                "outpost_arn": "",
                "snapshot_id": "snap-01fce068651f8ad7d",
                "throughput": 0,
                "volume_size": 30,
                "volume_type": "gp2"
              }
            ],
            "ena_support": true,
            "ephemeral_block_device": [],
            "hypervisor": "xen",
            "id": "ami-0db945dd2e9102d44",
            "image_location": "263443418578/i-072e2ab02cb01357b",
            "image_owner_alias": "",
            "image_type": "machine",
            "kernel_id": "",
            "manage_ebs_snapshots": true,
            "name": "i-072e2ab02cb01357b",
            "owner_id": "263443418578",
            "platform": "",
            "platform_details": "Linux/UNIX",
            "public": false,
            "ramdisk_id": "",
            "root_device_name": "/dev/xvda",
            "root_snapshot_id": "snap-01fce068651f8ad7d",
            "snapshot_without_reboot": null,
            "source_instance_id": "i-072e2ab02cb01357b",
            "sriov_net_support": "simple",
            "tags": {
              "Name": "web-i-072e2ab02cb01357b"
            },
            "tags_all": {
              "Name": "web-i-072e2ab02cb01357b"
            },
            "timeouts": null,
            "tpm_support": "",
            "usage_operation": "RunInstances",
            "virtualization_type": "hvm"
          },
          "sensitive_attributes": [],
          "private": "eyJlMmJmYjczMC1lY2FhLTExZTYtOGY4OC0zNDM2M2JjN2M0YzAiOnsiY3JlYXRlIjoyNDAwMDAwMDAwMDAwLCJkZWxldGUiOjU0MDAwMDAwMDAwMDAsInVwZGF0ZSI6MjQwMDAwMDAwMDAwMH19",
          "dependencies": [
            "data.aws_instances.test"
          ]
        },
        {
          "index_key": "i-0a005d4e703bf383f",
          "schema_version": 0,
          "attributes": {
            "architecture": "x86_64",
            "arn": "arn:aws:ec2:ap-northeast-2::image/ami-067b8a2772cafa103",
            "boot_mode": "",
            "deprecation_time": "",
            "description": "",
            "ebs_block_device": [
              {
                "delete_on_termination": true,
                "device_name": "/dev/xvda",
                "encrypted": false,
                "iops": 0,
                "outpost_arn": "",
                "snapshot_id": "snap-0c6e3037c97644c17",
                "throughput": 0,
                "volume_size": 30,
                "volume_type": "gp2"
              }
            ],
            "ena_support": true,
            "ephemeral_block_device": [],
            "hypervisor": "xen",
            "id": "ami-067b8a2772cafa103",
            "image_location": "263443418578/i-0a005d4e703bf383f",
            "image_owner_alias": "",
            "image_type": "machine",
            "kernel_id": "",
            "manage_ebs_snapshots": true,
            "name": "i-0a005d4e703bf383f",
            "owner_id": "263443418578",
            "platform": "",
            "platform_details": "Linux/UNIX",
            "public": false,
            "ramdisk_id": "",
            "root_device_name": "/dev/xvda",
            "root_snapshot_id": "snap-0c6e3037c97644c17",
            "snapshot_without_reboot": null,
            "source_instance_id": "i-0a005d4e703bf383f",
            "sriov_net_support": "simple",
            "tags": {
              "Name": "web-i-0a005d4e703bf383f"
            },
            "tags_all": {
              "Name": "web-i-0a005d4e703bf383f"
            },
            "timeouts": null,
            "tpm_support": "",
            "usage_operation": "RunInstances",
            "virtualization_type": "hvm"
          },
          "sensitive_attributes": [],
          "private": "eyJlMmJmYjczMC1lY2FhLTExZTYtOGY4OC0zNDM2M2JjN2M0YzAiOnsiY3JlYXRlIjoyNDAwMDAwMDAwMDAwLCJkZWxldGUiOjU0MDAwMDAwMDAwMDAsInVwZGF0ZSI6MjQwMDAwMDAwMDAwMH19",
          "dependencies": [
            "data.aws_instances.test"
          ]
        }
      ]
    }
  ]
}
